
Microsoft Visual Studio Solution File, Format Version 12.00
# Visual Studio Version 17
VisualStudioVersion = 17.3.32901.215
MinimumVisualStudioVersion = 10.0.40219.1
Project("{FAE04EC0-301F-11D3-BF4B-00C04F79EFBC}") = "StaticExercise", "StaticExercise\StaticExercise.csproj", "{A6C331D6-2C82-4909-9718-5E95A008C3C0}"
EndProject
Global
	GlobalSection(SolutionConfigurationPlatforms) = preSolution
		Debug|Any CPU = Debug|Any CPU
		Release|Any CPU = Release|Any CPU
	EndGlobalSection
	GlobalSection(ProjectConfigurationPlatforms) = postSolution
		{A6C331D6-2C82-4909-9718-5E95A008C3C0}.Debug|Any CPU.ActiveCfg = Debug|Any CPU
		{A6C331D6-2C82-4909-9718-5E95A008C3C0}.Debug|Any CPU.Build.0 = Debug|Any CPU
		{A6C331D6-2C82-4909-9718-5E95A008C3C0}.Release|Any CPU.ActiveCfg = Release|Any CPU
		{A6C331D6-2C82-4909-9718-5E95A008C3C0}.Release|Any CPU.Build.0 = Release|Any CPU
	EndGlobalSection
	GlobalSection(SolutionProperties) = preSolution
		HideSolutionNode = FALSE
	EndGlobalSection
	GlobalSection(ExtensibilityGlobals) = postSolution
		SolutionGuid = {5B5A02DA-9AD3-47D7-95E2-521E51BD13DA}
	EndGlobalSection
EndGlobal
